
Microsoft Visual Studio Solution File, Format Version 12.00
# Visual Studio Version 17
VisualStudioVersion = 17.5.33424.131
MinimumVisualStudioVersion = 10.0.40219.1
Project("{8BC9CEB8-8B4A-11D0-8D11-00A0C91BC942}") = "129_pointer", "129_pointer\129_pointer.vcxproj", "{E53B0682-E6C8-4E7D-A1D3-AFB9C174E59F}"
EndProject
Project("{8BC9CEB8-8B4A-11D0-8D11-00A0C91BC942}") = "pointer2", "pointer2\pointer2.vcxproj", "{582F1A2A-8157-4C0C-AFC3-E820409523FB}"
EndProject
Global
	GlobalSection(SolutionConfigurationPlatforms) = preSolution
		Debug|x64 = Debug|x64
		Debug|x86 = Debug|x86
		Release|x64 = Release|x64
		Release|x86 = Release|x86
	EndGlobalSection
	GlobalSection(ProjectConfigurationPlatforms) = postSolution
		{E53B0682-E6C8-4E7D-A1D3-AFB9C174E59F}.Debug|x64.ActiveCfg = Debug|x64
		{E53B0682-E6C8-4E7D-A1D3-AFB9C174E59F}.Debug|x64.Build.0 = Debug|x64
		{E53B0682-E6C8-4E7D-A1D3-AFB9C174E59F}.Debug|x86.ActiveCfg = Debug|Win32
		{E53B0682-E6C8-4E7D-A1D3-AFB9C174E59F}.Debug|x86.Build.0 = Debug|Win32
		{E53B0682-E6C8-4E7D-A1D3-AFB9C174E59F}.Release|x64.ActiveCfg = Release|x64
		{E53B0682-E6C8-4E7D-A1D3-AFB9C174E59F}.Release|x64.Build.0 = Release|x64
		{E53B0682-E6C8-4E7D-A1D3-AFB9C174E59F}.Release|x86.ActiveCfg = Release|Win32
		{E53B0682-E6C8-4E7D-A1D3-AFB9C174E59F}.Release|x86.Build.0 = Release|Win32
		{582F1A2A-8157-4C0C-AFC3-E820409523FB}.Debug|x64.ActiveCfg = Debug|x64
		{582F1A2A-8157-4C0C-AFC3-E820409523FB}.Debug|x64.Build.0 = Debug|x64
		{582F1A2A-8157-4C0C-AFC3-E820409523FB}.Debug|x86.ActiveCfg = Debug|Win32
		{582F1A2A-8157-4C0C-AFC3-E820409523FB}.Debug|x86.Build.0 = Debug|Win32
		{582F1A2A-8157-4C0C-AFC3-E820409523FB}.Release|x64.ActiveCfg = Release|x64
		{582F1A2A-8157-4C0C-AFC3-E820409523FB}.Release|x64.Build.0 = Release|x64
		{582F1A2A-8157-4C0C-AFC3-E820409523FB}.Release|x86.ActiveCfg = Release|Win32
		{582F1A2A-8157-4C0C-AFC3-E820409523FB}.Release|x86.Build.0 = Release|Win32
	EndGlobalSection
	GlobalSection(SolutionProperties) = preSolution
		HideSolutionNode = FALSE
	EndGlobalSection
	GlobalSection(ExtensibilityGlobals) = postSolution
		SolutionGuid = {D0BEB9E1-4743-4704-A058-8D4FEB51147C}
	EndGlobalSection
EndGlobal
